
Microsoft Visual Studio Solution File, Format Version 12.00
# Visual Studio 2013
VisualStudioVersion = 12.0.40629.0
MinimumVisualStudioVersion = 10.0.40219.1
Project("{FAE04EC0-301F-11D3-BF4B-00C04F79EFBC}") = "Attributes", "Attributes\Attributes.csproj", "{A7B17235-C276-40DF-9284-2F18D312E62F}"
EndProject
Project("{FAE04EC0-301F-11D3-BF4B-00C04F79EFBC}") = "AttributesConsole", "AttributesConsole\AttributesConsole.csproj", "{CFB6C9A2-1AEB-4229-9C6F-5A1B539C4459}"
EndProject
Global
	GlobalSection(SolutionConfigurationPlatforms) = preSolution
		Debug|Any CPU = Debug|Any CPU
		Release|Any CPU = Release|Any CPU
	EndGlobalSection
	GlobalSection(ProjectConfigurationPlatforms) = postSolution
		{A7B17235-C276-40DF-9284-2F18D312E62F}.Debug|Any CPU.ActiveCfg = Debug|Any CPU
		{A7B17235-C276-40DF-9284-2F18D312E62F}.Debug|Any CPU.Build.0 = Debug|Any CPU
		{A7B17235-C276-40DF-9284-2F18D312E62F}.Release|Any CPU.ActiveCfg = Release|Any CPU
		{A7B17235-C276-40DF-9284-2F18D312E62F}.Release|Any CPU.Build.0 = Release|Any CPU
		{CFB6C9A2-1AEB-4229-9C6F-5A1B539C4459}.Debug|Any CPU.ActiveCfg = Debug|Any CPU
		{CFB6C9A2-1AEB-4229-9C6F-5A1B539C4459}.Debug|Any CPU.Build.0 = Debug|Any CPU
		{CFB6C9A2-1AEB-4229-9C6F-5A1B539C4459}.Release|Any CPU.ActiveCfg = Release|Any CPU
		{CFB6C9A2-1AEB-4229-9C6F-5A1B539C4459}.Release|Any CPU.Build.0 = Release|Any CPU
	EndGlobalSection
	GlobalSection(SolutionProperties) = preSolution
		HideSolutionNode = FALSE
	EndGlobalSection
EndGlobal
